// !$*UTF8*$!
{
	archiveVersion = 1;
	classes = {
	};
	objectVersion = 46;
	objects = {

/* Begin PBXBuildFile section */
		814C269219D78A12000C75DA /* main.cpp in Sources */ = {isa = PBXBuildFile; fileRef = 814C269119D78A12000C75DA /* main.cpp */; };
		814C269D19D78D8D000C75DA /* Polynomial.cpp in Sources */ = {isa = PBXBuildFile; fileRef = 814C269B19D78D8D000C75DA /* Polynomial.cpp */; };
/* End PBXBuildFile section */

/* Begin PBXCopyFilesBuildPhase section */
		814C268C19D78A12000C75DA /* CopyFiles */ = {
			isa = PBXCopyFilesBuildPhase;
			buildActionMask = 2147483647;
			dstPath = /usr/share/man/man1/;
			dstSubfolderSpec = 0;
			files = (
			);
			runOnlyForDeploymentPostprocessing = 1;
		};
/* End PBXCopyFilesBuildPhase section */

/* Begin PBXFileReference section */
		814C268E19D78A12000C75DA /* Polynomials */ = {isa = PBXFileReference; explicitFileType = "compiled.mach-o.executable"; includeInIndex = 0; path = Polynomials; sourceTree = BUILT_PRODUCTS_DIR; };
		814C269119D78A12000C75DA /* main.cpp */ = {isa = PBXFileReference; indentWidth = 2; lastKnownFileType = sourcecode.cpp.cpp; path = main.cpp; sourceTree = "<group>"; tabWidth = 2; };
		814C269B19D78D8D000C75DA /* Polynomial.cpp */ = {isa = PBXFileReference; fileEncoding = 4; indentWidth = 2; lastKnownFileType = sourcecode.cpp.cpp; name = Polynomial.cpp; path = ../Polynomial.cpp; sourceTree = "<group>"; tabWidth = 2; };
		814C269C19D78D8D000C75DA /* Polynomial.h */ = {isa = PBXFileReference; fileEncoding = 4; indentWidth = 2; lastKnownFileType = sourcecode.c.h; name = Polynomial.h; path = ../Polynomial.h; sourceTree = "<group>"; tabWidth = 2; };
/* End PBXFileReference section */

/* Begin PBXFrameworksBuildPhase section */
		814C268B19D78A12000C75DA /* Frameworks */ = {
			isa = PBXFrameworksBuildPhase;
			buildActionMask = 2147483647;
			files = (
			);
			runOnlyForDeploymentPostprocessing = 0;
		};
/* End PBXFrameworksBuildPhase section */

/* Begin PBXGroup section */
		814C268519D78A12000C75DA = {
			isa = PBXGroup;
			children = (
				814C269019D78A12000C75DA /* Polynomials */,
				814C268F19D78A12000C75DA /* Products */,
			);
			sourceTree = "<group>";
		};
		814C268F19D78A12000C75DA /* Products */ = {
			isa = PBXGroup;
			children = (
				814C268E19D78A12000C75DA /* Polynomials */,
			);
			name = Products;
			sourceTree = "<group>";
		};
		814C269019D78A12000C75DA /* Polynomials */ = {
			isa = PBXGroup;
			children = (
				814C269119D78A12000C75DA /* main.cpp */,
				814C269C19D78D8D000C75DA /* Polynomial.h */,
				814C269B19D78D8D000C75DA /* Polynomial.cpp */,
			);
			path = Polynomials;
			sourceTree = "<group>";
		};
/* End PBXGroup section */

/* Begin PBXNativeTarget section */
		814C268D19D78A12000C75DA /* Polynomials */ = {
			isa = PBXNativeTarget;
			buildConfigurationList = 814C269519D78A12000C75DA /* Build configuration list for PBXNativeTarget "Polynomials" */;
			buildPhases = (
				814C268A19D78A12000C75DA /* Sources */,
				814C268B19D78A12000C75DA /* Frameworks */,
				814C268C19D78A12000C75DA /* CopyFiles */,
			);
			buildRules = (
			);
			dependencies = (
			);
			name = Polynomials;
			productName = Polynomials;
			productReference = 814C268E19D78A12000C75DA /* Polynomials */;
			productType = "com.apple.product-type.tool";
		};
/* End PBXNativeTarget section */

/* Begin PBXProject section */
		814C268619D78A12000C75DA /* Project object */ = {
			isa = PBXProject;
			attributes = {
				LastUpgradeCheck = 0600;
				ORGANIZATIONNAME = "Leslie Kim";
				TargetAttributes = {
					814C268D19D78A12000C75DA = {
						CreatedOnToolsVersion = 6.0.1;
					};
				};
			};
			buildConfigurationList = 814C268919D78A12000C75DA /* Build configuration list for PBXProject "Polynomials" */;
			compatibilityVersion = "Xcode 3.2";
			developmentRegion = English;
			hasScannedForEncodings = 0;
			knownRegions = (
				en,
			);
			mainGroup = 814C268519D78A12000C75DA;
			productRefGroup = 814C268F19D78A12000C75DA /* Products */;
			projectDirPath = "";
			projectRoot = "";
			targets = (
				814C268D19D78A12000C75DA /* Polynomials */,
			);
		};
/* End PBXProject section */

/* Begin PBXSourcesBuildPhase section */
		814C268A19D78A12000C75DA /* Sources */ = {
			isa = PBXSourcesBuildPhase;
			buildActionMask = 2147483647;
			files = (
				814C269219D78A12000C75DA /* main.cpp in Sources */,
				814C269D19D78D8D000C75DA /* Polynomial.cpp in Sources */,
			);
			runOnlyForDeploymentPostprocessing = 0;
		};
/* End PBXSourcesBuildPhase section */

/* Begin XCBuildConfiguration section */
		814C269319D78A12000C75DA /* Debug */ = {
			isa = XCBuildConfiguration;
			buildSettings = {
				ALWAYS_SEARCH_USER_PATHS = NO;
				CLANG_CXX_LANGUAGE_STANDARD = "gnu++0x";
				CLANG_CXX_LIBRARY = "libc++";
				CLANG_ENABLE_MODULES = YES;
				CLANG_ENABLE_OBJC_ARC = YES;
				CLANG_WARN_BOOL_CONVERSION = YES;
				CLANG_WARN_CONSTANT_CONVERSION = YES;
				CLANG_WARN_DIRECT_OBJC_ISA_USAGE = YES_ERROR;
				CLANG_WARN_EMPTY_BODY = YES;
				CLANG_WARN_ENUM_CONVERSION = YES;
				CLANG_WARN_INT_CONVERSION = YES;
				CLANG_WARN_OBJC_ROOT_CLASS = YES_ERROR;
				CLANG_WARN_UNREACHABLE_CODE = YES;
				CLANG_WARN__DUPLICATE_METHOD_MATCH = YES;
				COPY_PHASE_STRIP = NO;
				ENABLE_STRICT_OBJC_MSGSEND = YES;
				GCC_C_LANGUAGE_STANDARD = gnu99;
				GCC_DYNAMIC_NO_PIC = NO;
				GCC_OPTIMIZATION_LEVEL = 0;
				GCC_PREPROCESSOR_DEFINITIONS = (
					"DEBUG=1",
					"$(inherited)",
				);
				GCC_SYMBOLS_PRIVATE_EXTERN = NO;
				GCC_WARN_64_TO_32_BIT_CONVERSION = YES;
				GCC_WARN_ABOUT_RETURN_TYPE = YES_ERROR;
				GCC_WARN_UNDECLARED_SELECTOR = YES;
				GCC_WARN_UNINITIALIZED_AUTOS = YES_AGGRESSIVE;
				GCC_WARN_UNUSED_FUNCTION = YES;
				GCC_WARN_UNUSED_VARIABLE = YES;
				MACOSX_DEPLOYMENT_TARGET = 10.9;
				MTL_ENABLE_DEBUG_INFO = YES;
				ONLY_ACTIVE_ARCH = YES;
				SDKROOT = macosx;
			};
			name = Debug;
		};
		814C269419D78A12000C75DA /* Release */ = {
			isa = XCBuildConfiguration;
			buildSettings = {
				ALWAYS_SEARCH_USER_PATHS = NO;
				CLANG_CXX_LANGUAGE_STANDARD = "gnu++0x";
				CLANG_CXX_LIBRARY = "libc++";
				CLANG_ENABLE_MODULES = YES;
				CLANG_ENABLE_OBJC_ARC = YES;
				CLANG_WARN_BOOL_CONVERSION = YES;
				CLANG_WARN_CONSTANT_CONVERSION = YES;
				CLANG_WARN_DIRECT_OBJC_ISA_USAGE = YES_ERROR;
				CLANG_WARN_EMPTY_BODY = YES;
				CLANG_WARN_ENUM_CONVERSION = YES;
				CLANG_WARN_INT_CONVERSION = YES;
				CLANG_WARN_OBJC_ROOT_CLASS = YES_ERROR;
				CLANG_WARN_UNREACHABLE_CODE = YES;
				CLANG_WARN__DUPLICATE_METHOD_MATCH = YES;
				COPY_PHASE_STRIP = YES;
				DEBUG_INFORMATION_FORMAT = "dwarf-with-dsym";
				ENABLE_NS_ASSERTIONS = NO;
				ENABLE_STRICT_OBJC_MSGSEND = YES;
				GCC_C_LANGUAGE_STANDARD = gnu99;
				GCC_WARN_64_TO_32_BIT_CONVERSION = YES;
				GCC_WARN_ABOUT_RETURN_TYPE = YES_ERROR;
				GCC_WARN_UNDECLARED_SELECTOR = YES;
				GCC_WARN_UNINITIALIZED_AUTOS = YES_AGGRESSIVE;
				GCC_WARN_UNUSED_FUNCTION = YES;
				GCC_WARN_UNUSED_VARIABLE = YES;
				MACOSX_DEPLOYMENT_TARGET = 10.9;
				MTL_ENABLE_DEBUG_INFO = NO;
				SDKROOT = macosx;
			};
			name = Release;
		};
		814C269619D78A12000C75DA /* Debug */ = {
			isa = XCBuildConfiguration;
			buildSettings = {
				PRODUCT_NAME = "$(TARGET_NAME)";
			};
			name = Debug;
		};
		814C269719D78A12000C75DA /* Release */ = {
			isa = XCBuildConfiguration;
			buildSettings = {
				PRODUCT_NAME = "$(TARGET_NAME)";
			};
			name = Release;
		};
/* End XCBuildConfiguration section */

/* Begin XCConfigurationList section */
		814C268919D78A12000C75DA /* Build configuration list for PBXProject "Polynomials" */ = {
			isa = XCConfigurationList;
			buildConfigurations = (
				814C269319D78A12000C75DA /* Debug */,
				814C269419D78A12000C75DA /* Release */,
			);
			defaultConfigurationIsVisible = 0;
			defaultConfigurationName = Release;
		};
		814C269519D78A12000C75DA /* Build configuration list for PBXNativeTarget "Polynomials" */ = {
			isa = XCConfigurationList;
			buildConfigurations = (
				814C269619D78A12000C75DA /* Debug */,
				814C269719D78A12000C75DA /* Release */,
			);
			defaultConfigurationIsVisible = 0;
		};
/* End XCConfigurationList section */
	};
	rootObject = 814C268619D78A12000C75DA /* Project object */;
}
